
Microsoft Visual Studio Solution File, Format Version 12.00
# Visual Studio Version 16
VisualStudioVersion = 16.0.31515.178
MinimumVisualStudioVersion = 10.0.40219.1
Project("{9A19103F-16F7-4668-BE54-9A1E7A4F7556}") = "Question1", "ConsoleApp1\Question1.csproj", "{312DC1A8-1D25-4E58-BE22-7A599F44D81C}"
EndProject
Global
	GlobalSection(SolutionConfigurationPlatforms) = preSolution
		Debug|Any CPU = Debug|Any CPU
		Release|Any CPU = Release|Any CPU
	EndGlobalSection
	GlobalSection(ProjectConfigurationPlatforms) = postSolution
		{312DC1A8-1D25-4E58-BE22-7A599F44D81C}.Debug|Any CPU.ActiveCfg = Debug|Any CPU
		{312DC1A8-1D25-4E58-BE22-7A599F44D81C}.Debug|Any CPU.Build.0 = Debug|Any CPU
		{312DC1A8-1D25-4E58-BE22-7A599F44D81C}.Release|Any CPU.ActiveCfg = Release|Any CPU
		{312DC1A8-1D25-4E58-BE22-7A599F44D81C}.Release|Any CPU.Build.0 = Release|Any CPU
	EndGlobalSection
	GlobalSection(SolutionProperties) = preSolution
		HideSolutionNode = FALSE
	EndGlobalSection
	GlobalSection(ExtensibilityGlobals) = postSolution
		SolutionGuid = {9E08778C-8FDA-4D67-AF85-C8E80377624F}
	EndGlobalSection
EndGlobal
